
Microsoft Visual Studio Solution File, Format Version 12.00
# Visual Studio Version 17
VisualStudioVersion = 17.9.34728.123
MinimumVisualStudioVersion = 10.0.40219.1
Project("{FAE04EC0-301F-11D3-BF4B-00C04F79EFBC}") = "KaranPreetAssignment3", "KaranPreetAssignment3.csproj", "{CEF690AE-9162-428D-8456-2CF2A013B32B}"
EndProject
Global
	GlobalSection(SolutionConfigurationPlatforms) = preSolution
		Debug|Any CPU = Debug|Any CPU
		Release|Any CPU = Release|Any CPU
	EndGlobalSection
	GlobalSection(ProjectConfigurationPlatforms) = postSolution
		{CEF690AE-9162-428D-8456-2CF2A013B32B}.Debug|Any CPU.ActiveCfg = Debug|Any CPU
		{CEF690AE-9162-428D-8456-2CF2A013B32B}.Debug|Any CPU.Build.0 = Debug|Any CPU
		{CEF690AE-9162-428D-8456-2CF2A013B32B}.Release|Any CPU.ActiveCfg = Release|Any CPU
		{CEF690AE-9162-428D-8456-2CF2A013B32B}.Release|Any CPU.Build.0 = Release|Any CPU
	EndGlobalSection
	GlobalSection(SolutionProperties) = preSolution
		HideSolutionNode = FALSE
	EndGlobalSection
	GlobalSection(ExtensibilityGlobals) = postSolution
		SolutionGuid = {47C38AD9-3556-4BD5-96DC-F51D762D5414}
	EndGlobalSection
EndGlobal
